
Microsoft Visual Studio Solution File, Format Version 12.00
# Visual Studio Version 16
VisualStudioVersion = 16.0.30907.101
MinimumVisualStudioVersion = 10.0.40219.1
Project("{FAE04EC0-301F-11D3-BF4B-00C04F79EFBC}") = "RabbitMqProducer", "RabbitMqProducer\RabbitMqProducer.csproj", "{B1B712D2-D54E-409C-BE38-6A1344FE687F}"
EndProject
Project("{FAE04EC0-301F-11D3-BF4B-00C04F79EFBC}") = "RabbitMqReciever", "RabbitMqReciever\RabbitMqReciever.csproj", "{1A10EC6F-316D-4EC0-B3A6-A138116A8493}"
EndProject
Global
	GlobalSection(SolutionConfigurationPlatforms) = preSolution
		Debug|Any CPU = Debug|Any CPU
		Release|Any CPU = Release|Any CPU
	EndGlobalSection
	GlobalSection(ProjectConfigurationPlatforms) = postSolution
		{B1B712D2-D54E-409C-BE38-6A1344FE687F}.Debug|Any CPU.ActiveCfg = Debug|Any CPU
		{B1B712D2-D54E-409C-BE38-6A1344FE687F}.Debug|Any CPU.Build.0 = Debug|Any CPU
		{B1B712D2-D54E-409C-BE38-6A1344FE687F}.Release|Any CPU.ActiveCfg = Release|Any CPU
		{B1B712D2-D54E-409C-BE38-6A1344FE687F}.Release|Any CPU.Build.0 = Release|Any CPU
		{1A10EC6F-316D-4EC0-B3A6-A138116A8493}.Debug|Any CPU.ActiveCfg = Debug|Any CPU
		{1A10EC6F-316D-4EC0-B3A6-A138116A8493}.Debug|Any CPU.Build.0 = Debug|Any CPU
		{1A10EC6F-316D-4EC0-B3A6-A138116A8493}.Release|Any CPU.ActiveCfg = Release|Any CPU
		{1A10EC6F-316D-4EC0-B3A6-A138116A8493}.Release|Any CPU.Build.0 = Release|Any CPU
	EndGlobalSection
	GlobalSection(SolutionProperties) = preSolution
		HideSolutionNode = FALSE
	EndGlobalSection
	GlobalSection(ExtensibilityGlobals) = postSolution
		SolutionGuid = {417FC673-0C91-40DE-8AC4-C9A639A7BB96}
	EndGlobalSection
EndGlobal
